{
    "_meta": {
        "hash": {
            "sha256": "ec867d269089141ee743e9cbfc32fa8fc4d6b5e76c4e2094c9d24b8217d2f6d2"
        },
        "pipfile-spec": 6,
        "requires": {
            "python_version": "3.8"
        },
        "sources": [
            {
                "name": "pypi",
                "url": "https://pypi.python.org/simple",
                "verify_ssl": true
            }
        ]
    },
    "default": {
        "certifi": {
            "hashes": [
                "sha256:e4f3620cfea4f83eedc95b24abd9cd56f3c4b146dd0177e83a21b4eb49e21e50",
                "sha256:fd7c7c74727ddcf00e9acd26bba8da604ffec95bf1c2144e67aff7a8b50e6cef"
            ],
            "index": "pypi",
            "version": "==2019.9.11"
        },
        "chardet": {
            "hashes": [
                "sha256:84ab92ed1c4d4f16916e05906b6b75a6c0fb5db821cc65e70cbd64a3e2a5eaae",
                "sha256:fc323ffcaeaed0e0a02bf4d117757b98aed530d9ed4531e3e15460124c106691"
            ],
            "index": "pypi",
            "version": "==3.0.4"
        },
        "django": {
            "hashes": [
                "sha256:2484f115891ab1a0e9ae153602a641fbc15d7894c036d79fb78662c0965d7954",
                "sha256:2569f9dc5f8e458a5e988b03d6b7a02bda59b006d6782f4ea0fd590ed7336a64"
            ],
            "index": "pypi",
            "version": "==2.2.20"
        },
        "django-anymail": {
            "hashes": [
                "sha256:7af1076f383fb3b62b301949ea8f7d87a41376015309ffc35a246a1726060429",
                "sha256:a2bd7a40aa91a1033892630652d3ca8148de70fa2927eb4eebde239fe705f0f4"
            ],
            "index": "pypi",
            "version": "==7.1.0"
        },
        "django-appconf": {
            "hashes": [
                "sha256:1b1d0e1069c843ebe8ae5aa48ec52403b1440402b320c3e3a206a0907e97bb06",
                "sha256:be58deb54a43d77d2e1621fe59f787681376d3cd0b8bd8e4758ef6c3a6453380"
            ],
            "index": "pypi",
            "version": "==1.0.4"
        },
        "django-axes": {
            "hashes": [
                "sha256:23eee8297dfcb5aa780e4925f58d723387afe8ecc8fd6a7e9522d26c95c7b880",
                "sha256:49fa9736cbbf7d83a61ed57f7b2ebd65f8d3064bb0c45b945bfa7421288031a1"
            ],
            "index": "pypi",
            "version": "==5.3.1"
        },
        "django-cors-headers": {
            "hashes": [
                "sha256:5762ec9c2d59f38c76828dc1d4308baca4bc0d3e1d6f217683e7a24a1c4611a3",
                "sha256:ee02f4b699e9b6645602a46d0adb430ee940a1bf8df64f77e516f8d7711fee60"
            ],
            "index": "pypi",
            "version": "==3.1.1"
        },
        "django-environ": {
            "hashes": [
                "sha256:6c9d87660142608f63ec7d5ce5564c49b603ea8ff25da595fd6098f6dc82afde",
                "sha256:c57b3c11ec1f319d9474e3e5a79134f40174b17c7cc024bbb2fad84646b120c4"
            ],
            "index": "pypi",
            "version": "==0.4.5"
        },
        "django-helusers": {
            "hashes": [
                "sha256:0041ff29905f9ea1daae493f6a11db7a133d6d5218f293b113fc304ef061d76c",
                "sha256:26599c060d532e62199f46a88ae47868ab9be294f41e1db5e89a8f72e4bb6b18"
            ],
            "index": "pypi",
            "version": "==0.5.6"
        },
        "django-ilmoitin": {
            "hashes": [
                "sha256:d8fdd4883592a1873471f0266da4f36d2b5eb0595f5682a5af382cd349f531da",
                "sha256:fb6a4ef4fc1f29c03f4133bfe732601a533ecf145ece5217819e1a8b0b5e2dd8"
            ],
            "index": "pypi",
            "version": "==0.4.0"
        },
        "django-ipware": {
            "hashes": [
                "sha256:a7c7a8fd019dbdc9c357e6e582f65034e897572fc79a7e467674efa8aef9d00b"
            ],
            "index": "pypi",
            "version": "==2.1.0"
        },
        "django-mailer": {
            "hashes": [
                "sha256:c7bb9bd96034c15b3b1e2de071cfaecde8051ae3203cf4ac9e3ced6a426239aa",
                "sha256:d3792e69ecae295ee92efa2cd49677eae5679c08cea1ab6478a43c98d064f0bb"
            ],
            "index": "pypi",
            "version": "==2.0.1"
        },
        "django-parler": {
            "hashes": [
                "sha256:979295a977f8eb6a3567d3f08faa718ef6e66edc38bdaf5de23f6c7346ecb038",
                "sha256:9f1508c75aca387d06ac21fb9bfffbb8fd12b04d268aa25b0c5e56a33909bcdd"
            ],
            "index": "pypi",
            "version": "==1.9.2"
        },
        "djangorestframework": {
            "hashes": [
                "sha256:5cc724dc4b076463497837269107e1995b1fbc917468d1b92d188fd1af9ea789",
                "sha256:a5967b68a04e0d97d10f4df228e30f5a2d82ba63b9d03e1759f84993b7bf1b53"
            ],
            "index": "pypi",
            "version": "==3.11.2"
        },
        "drf-oidc-auth": {
            "hashes": [
                "sha256:6efa8d80a23ad6d7ae6692149f35d6282887f319f161664a1325ac2e5c22882e"
            ],
            "index": "pypi",
            "version": "==0.9"
        },
        "ecdsa": {
            "hashes": [
                "sha256:163c80b064a763ea733870feb96f9dd9b92216cfcacd374837af18e4e8ec3d4d",
                "sha256:9814e700890991abeceeb2242586024d4758c8fc18445b194a49bd62d85861db"
            ],
            "index": "pypi",
            "version": "==0.13.3"
        },
        "factory-boy": {
            "hashes": [
                "sha256:728df59b372c9588b83153facf26d3d28947fc750e8e3c95cefa9bed0e6394ee",
                "sha256:faf48d608a1735f0d0a3c9cbf536d64f9132b547dae7ba452c4d99a79e84a370"
            ],
            "index": "pypi",
            "version": "==2.12.0"
        },
        "faker": {
            "hashes": [
                "sha256:48c03580720e0b46538d528b1296e4e5b24a809dcaf33a7dddec719489a9edb8",
                "sha256:6327c665c0d8721280b3036d9c9e851c60092bc1f30c8394cc433f8723e2bda5"
            ],
            "index": "pypi",
            "version": "==2.0.4"
        },
        "future": {
            "hashes": [
                "sha256:67045236dcfd6816dc439556d009594abf643e5eb48992e36beac09c2ca659b8"
            ],
            "index": "pypi",
            "version": "==0.17.1"
        },
        "idna": {
            "hashes": [
                "sha256:c357b3f628cf53ae2c4c05627ecc484553142ca23264e593d327bcde5e9c3407",
                "sha256:ea8b7f6188e6fa117537c3df7da9fc686d485087abf6ac197f9c46432f7e4a3c"
            ],
            "index": "pypi",
            "version": "==2.8"
        },
        "jinja2": {
            "hashes": [
                "sha256:03e47ad063331dd6a3f04a43eddca8a966a26ba0c5b7207a9a9e4e08f1b29419",
                "sha256:a6d58433de0ae800347cab1fa3043cebbabe8baa9d29e668f1c768cb87a333c6"
            ],
            "index": "pypi",
            "version": "==2.11.3"
        },
        "lockfile": {
            "hashes": [
                "sha256:6aed02de03cba24efabcd600b30540140634fc06cfa603822d508d5361e9f799",
                "sha256:6c3cb24f344923d30b2785d5ad75182c8ea7ac1b6171b08657258ec7429d50fa"
            ],
            "index": "pypi",
            "version": "==0.12.2"
        },
        "markupsafe": {
            "hashes": [
                "sha256:00bc623926325b26bb9605ae9eae8a215691f33cae5df11ca5424f06f2d1f473",
                "sha256:09027a7803a62ca78792ad89403b1b7a73a01c8cb65909cd876f7fcebd79b161",
                "sha256:09c4b7f37d6c648cb13f9230d847adf22f8171b1ccc4d5682398e77f40309235",
                "sha256:1027c282dad077d0bae18be6794e6b6b8c91d58ed8a8d89a89d59693b9131db5",
                "sha256:13d3144e1e340870b25e7b10b98d779608c02016d5184cfb9927a9f10c689f42",
                "sha256:195d7d2c4fbb0ee8139a6cf67194f3973a6b3042d742ebe0a9ed36d8b6f0c07f",
                "sha256:22c178a091fc6630d0d045bdb5992d2dfe14e3259760e713c490da5323866c39",
                "sha256:24982cc2533820871eba85ba648cd53d8623687ff11cbb805be4ff7b4c971aff",
                "sha256:29872e92839765e546828bb7754a68c418d927cd064fd4708fab9fe9c8bb116b",
                "sha256:2beec1e0de6924ea551859edb9e7679da6e4870d32cb766240ce17e0a0ba2014",
                "sha256:3b8a6499709d29c2e2399569d96719a1b21dcd94410a586a18526b143ec8470f",
                "sha256:43a55c2930bbc139570ac2452adf3d70cdbb3cfe5912c71cdce1c2c6bbd9c5d1",
                "sha256:46c99d2de99945ec5cb54f23c8cd5689f6d7177305ebff350a58ce5f8de1669e",
                "sha256:500d4957e52ddc3351cabf489e79c91c17f6e0899158447047588650b5e69183",
                "sha256:535f6fc4d397c1563d08b88e485c3496cf5784e927af890fb3c3aac7f933ec66",
                "sha256:596510de112c685489095da617b5bcbbac7dd6384aeebeda4df6025d0256a81b",
                "sha256:62fe6c95e3ec8a7fad637b7f3d372c15ec1caa01ab47926cfdf7a75b40e0eac1",
                "sha256:6788b695d50a51edb699cb55e35487e430fa21f1ed838122d722e0ff0ac5ba15",
                "sha256:6dd73240d2af64df90aa7c4e7481e23825ea70af4b4922f8ede5b9e35f78a3b1",
                "sha256:6f1e273a344928347c1290119b493a1f0303c52f5a5eae5f16d74f48c15d4a85",
                "sha256:6fffc775d90dcc9aed1b89219549b329a9250d918fd0b8fa8d93d154918422e1",
                "sha256:717ba8fe3ae9cc0006d7c451f0bb265ee07739daf76355d06366154ee68d221e",
                "sha256:79855e1c5b8da654cf486b830bd42c06e8780cea587384cf6545b7d9ac013a0b",
                "sha256:7c1699dfe0cf8ff607dbdcc1e9b9af1755371f92a68f706051cc8c37d447c905",
                "sha256:7fed13866cf14bba33e7176717346713881f56d9d2bcebab207f7a036f41b850",
                "sha256:84dee80c15f1b560d55bcfe6d47b27d070b4681c699c572af2e3c7cc90a3b8e0",
                "sha256:88e5fcfb52ee7b911e8bb6d6aa2fd21fbecc674eadd44118a9cc3863f938e735",
                "sha256:8defac2f2ccd6805ebf65f5eeb132adcf2ab57aa11fdf4c0dd5169a004710e7d",
                "sha256:98bae9582248d6cf62321dcb52aaf5d9adf0bad3b40582925ef7c7f0ed85fceb",
                "sha256:98c7086708b163d425c67c7a91bad6e466bb99d797aa64f965e9d25c12111a5e",
                "sha256:9add70b36c5666a2ed02b43b335fe19002ee5235efd4b8a89bfcf9005bebac0d",
                "sha256:9bf40443012702a1d2070043cb6291650a0841ece432556f784f004937f0f32c",
                "sha256:a6a744282b7718a2a62d2ed9d993cad6f5f585605ad352c11de459f4108df0a1",
                "sha256:acf08ac40292838b3cbbb06cfe9b2cb9ec78fce8baca31ddb87aaac2e2dc3bc2",
                "sha256:ade5e387d2ad0d7ebf59146cc00c8044acbd863725f887353a10df825fc8ae21",
                "sha256:b00c1de48212e4cc9603895652c5c410df699856a2853135b3967591e4beebc2",
                "sha256:b1282f8c00509d99fef04d8ba936b156d419be841854fe901d8ae224c59f0be5",
                "sha256:b1dba4527182c95a0db8b6060cc98ac49b9e2f5e64320e2b56e47cb2831978c7",
                "sha256:b2051432115498d3562c084a49bba65d97cf251f5a331c64a12ee7e04dacc51b",
                "sha256:b7d644ddb4dbd407d31ffb699f1d140bc35478da613b441c582aeb7c43838dd8",
                "sha256:ba59edeaa2fc6114428f1637ffff42da1e311e29382d81b339c1817d37ec93c6",
                "sha256:bf5aa3cbcfdf57fa2ee9cd1822c862ef23037f5c832ad09cfea57fa846dec193",
                "sha256:c8716a48d94b06bb3b2524c2b77e055fb313aeb4ea620c8dd03a105574ba704f",
                "sha256:caabedc8323f1e93231b52fc32bdcde6db817623d33e100708d9a68e1f53b26b",
                "sha256:cd5df75523866410809ca100dc9681e301e3c27567cf498077e8551b6d20e42f",
                "sha256:cdb132fc825c38e1aeec2c8aa9338310d29d337bebbd7baa06889d09a60a1fa2",
                "sha256:d53bc011414228441014aa71dbec320c66468c1030aae3a6e29778a3382d96e5",
                "sha256:d73a845f227b0bfe8a7455ee623525ee656a9e2e749e4742706d80a6065d5e2c",
                "sha256:d9be0ba6c527163cbed5e0857c451fcd092ce83947944d6c14bc95441203f032",
                "sha256:e249096428b3ae81b08327a63a485ad0878de3fb939049038579ac0ef61e17e7",
                "sha256:e8313f01ba26fbbe36c7be1966a7b7424942f670f38e666995b88d012765b9be",
                "sha256:feb7b34d6325451ef96bc0e36e1a6c0c1c64bc1fbec4b854f4529e51887b1621"
            ],
            "index": "pypi",
            "version": "==1.1.1"
        },
        "psycopg2": {
            "hashes": [
                "sha256:4212ca404c4445dc5746c0d68db27d2cbfb87b523fe233dc84ecd24062e35677",
                "sha256:47fc642bf6f427805daf52d6e52619fe0637648fe27017062d898f3bf891419d",
                "sha256:72772181d9bad1fa349792a1e7384dde56742c14af2b9986013eb94a240f005b",
                "sha256:8396be6e5ff844282d4d49b81631772f80dabae5658d432202faf101f5283b7c",
                "sha256:893c11064b347b24ecdd277a094413e1954f8a4e8cdaf7ffbe7ca3db87c103f0",
                "sha256:92a07dfd4d7c325dd177548c4134052d4842222833576c8391aab6f74038fc3f",
                "sha256:965c4c93e33e6984d8031f74e51227bd755376a9df6993774fd5b6fb3288b1f4",
                "sha256:9ab75e0b2820880ae24b7136c4d230383e07db014456a476d096591172569c38",
                "sha256:b0845e3bdd4aa18dc2f9b6fb78fbd3d9d371ad167fd6d1b7ad01c0a6cdad4fc6",
                "sha256:dca2d7203f0dfce8ea4b3efd668f8ea65cd2b35112638e488a4c12594015f67b",
                "sha256:ed686e5926929887e2c7ae0a700e32c6129abb798b4ad2b846e933de21508151",
                "sha256:ef6df7e14698e79c59c7ee7cf94cd62e5b869db369ed4b1b8f7b729ea825712a",
                "sha256:f898e5cc0a662a9e12bde6f931263a1bbd350cfb18e1d5336a12927851825bb6"
            ],
            "index": "pypi",
            "version": "==2.8.4"
        },
        "pyasn1": {
            "hashes": [
                "sha256:1321d4b2f051410fe7302bb1619903d30b24ba1451d019c11d242d11b2a35444",
                "sha256:2860a047f666afd23b197a65f33145313511c368ce919b2d9b1853ffd3e9d32d",
                "sha256:2919babd43b3b44247c23201b71072c0c65a636daa595cad5bcd276094dbfc2d",
                "sha256:437a23121602c0bb6c65320b27e31e334ffd73a9ca5c6c075b66b6270b1a8184",
                "sha256:5a89df3c62688261e27439d5715fd0d3ca6bf7bf1067e2171642e92aff17e817",
                "sha256:62cdade8b5530f0b185e09855dd422bc05c0bbff6b72ff61381c09dac7befd8c",
                "sha256:67a43aec85f4ea96e72a7b22227ba7a45cf03b7297e1a53418be164bbf68335e",
                "sha256:813b198c169e9442f340743f77093435bf3e1de8d1731f3abc45d44afba17556",
                "sha256:96c44b5604e7674e53e27fce98f3fc68821d9546151b98842c27b533122649da",
                "sha256:a9495356ca1d66ed197a0f72b41eb1823cf7ea8b5bd07191673e8147aecf8604",
                "sha256:bcac468e38d16e94fee4c8f76eef1feb9a06a911e93465f2351a4140fa66d303",
                "sha256:c39d11c72f0e5e71faa35c8c8ef5ee9b810ec99a3c64f05133f1325fe5636bba",
                "sha256:f124185ccc1c1c5e782aa58d46bc28be279673a482334d70de6735d05d8b4b10"
            ],
            "index": "pypi",
            "version": "==0.4.7"
        },
        "pycryptodomex": {
            "hashes": [
                "sha256:020928b2831b2047288c9143f41c6690eb669d60761c7ca8c5ca743a2c51517c",
                "sha256:0ce1950ba6544eca4d6fd7386e2502d4bd871fcbd5e5b977604f48ea37b29fc6",
                "sha256:0d5b1159a24a56fd3359b7b1aa1e4331c394033eababb2972bb923d6767968db",
                "sha256:11453e8628cdccbcb08e04405298d659c0c0458cf9bf23eaaa3c201f8d635389",
                "sha256:22e050089f60e70b97909fe62612ee9589f0be1c928c2aa637f2534eddf61632",
                "sha256:27317f1e8e496a2f208b1c40da425d5fe760b494f95c847bb7c3074c95a8edcb",
                "sha256:32e2fe1d0c5fada45b22b647f88367b210dfea40a5cc849b142b4e9fa497c488",
                "sha256:3a998b390a80fd0d22c7d9fbaf49a9a11772ef90495a8baecdea2e6d09929937",
                "sha256:46dda35fbed5426794ab64d483d6257dc43f52e78ba934563492df7cb89f7de6",
                "sha256:4846ca0f2363bdb934c556667b056331d4aabd48f20924b0c5583a49d764d3fc",
                "sha256:550f5e6f07b091f986023f871fa8a2bde9875ccae51d4bd07b31fa9855fe994f",
                "sha256:561905b459de41c3ad19912cdcd88c8e24295d01e97b7b2a63d4188c8e4e0dbc",
                "sha256:5745ca86a4e88a775b7cace28b947a86661d5cc09ecc1c8d97293a7d20c1bb79",
                "sha256:5c2a3bb28dde992f97d856937e973dda0462bf3acb7d0009308a81159a35323b",
                "sha256:73a8acc8ff7f09d482e481757d92a250f803e66e0f248019df90a69e61840180",
                "sha256:8601613ebc329b853e466f581ad1156638989926e0dcdf52952542a89883836c",
                "sha256:8b604f4fa1de456d6d19771b01c2823675a75a2c60e51a6b738f71fdfe865370",
                "sha256:96f8622cb8061f4aca95e52cc835659f024bc2e237ee6a9d01117873b7490b98",
                "sha256:a01c99532c5f7ab96274b5c9f3e135315b79b55ba5c8233fc4d029e0369e94df",
                "sha256:c63040e0313e27b62b0f4295f41adecf96cde7ff4d49f653b81b1958cb1180bf",
                "sha256:c812cb9f3af63da8eaa251e7e48f8b38c4e40974d2bdae2f0ca7a7a12549727a",
                "sha256:cb9e8ef672b7a961f90e0a497718e0f052f76324f216840a4ec30248e4d19f20",
                "sha256:ce8edda46374c344de87089f9887ad4dd317bb4a22f91f1844202eaf14b08de0",
                "sha256:de58de0d5f2fb9253707ee718e1378f2194fdd394cdbed1b6464ab44642f5217",
                "sha256:e0100f9b93d0119d846a33e6cb5001ee208519b81c6acf76da614b71de75885b",
                "sha256:e530b77bdff5c2bf3065e6a088e1602ad193b43e285bac196d4b8820308ec6bb",
                "sha256:f048069aa7b530f1c5e84d55c2b28ca7a7272bb3b8d28829d454a94bec6529a8",
                "sha256:f6a9271c842e93c349b6007676a62d03dca712c9f4dff66c3270d50504ca9014"
            ],
            "index": "pypi",
            "version": "==3.9.0"
        },
        "pyjwkest": {
            "hashes": [
                "sha256:5560fd5ba08655f29ff6ad1df1e15dc05abc9d976fcbcec8d2b5167f49b70222"
            ],
            "index": "pypi",
            "version": "==1.4.2"
        },
        "python-dateutil": {
            "hashes": [
                "sha256:73ebfe9dbf22e832286dafa60473e4cd239f8592f699aa5adaf10050e6e1823c",
                "sha256:75bb3f31ea686f1197762692a9ee6a7550b59fc6ca3a1f4b5d7e32fb98e2da2a"
            ],
            "index": "pypi",
            "version": "==2.8.1"
        },
        "python-jose": {
            "hashes": [
                "sha256:29701d998fe560e52f17246c3213a882a4a39da7e42c7015bcc1f7823ceaff1c",
                "sha256:ed7387f0f9af2ea0ddc441d83a6eb47a5909bd0c8a72ac3250e75afec2cc1371"
            ],
            "index": "pypi",
            "version": "==3.0.1"
        },
        "pytz": {
            "hashes": [
                "sha256:1c557d7d0e871de1f5ccd5833f60fb2550652da6be2693c1e02300743d21500d",
                "sha256:b02c06db6cf09c12dd25137e563b31700d3b80fcc4ad23abb7a315f2789819be"
            ],
            "index": "pypi",
            "version": "==2019.3"
        },
        "requests": {
            "hashes": [
                "sha256:11e007a8a2aa0323f5a921e9e6a2d7e4e67d9877e85773fba9ba6419025cbeb4",
                "sha256:9cf5292fcd0f598c671cfc1e0d7d1a7f13bb8085e9a590f48c010551dc6c4b31"
            ],
            "index": "pypi",
            "version": "==2.22.0"
        },
        "rsa": {
            "hashes": [
                "sha256:69805d6b69f56eb05b62daea3a7dbd7aa44324ad1306445e05da8060232d00f4",
                "sha256:a8774e55b59fd9fc893b0d05e9bfc6f47081f46ff5b46f39ccf24631b7be356b"
            ],
            "index": "pypi",
            "version": "==4.7"
        },
        "sentry-sdk": {
            "hashes": [
                "sha256:15e51e74b924180c98bcd636cb4634945b0a99a124d50b433c3a9dc6a582e8db",
                "sha256:1d6a2ee908ec6d8f96c27d78bc39e203df4d586d287c233140af7d8d1aca108a"
            ],
            "index": "pypi",
            "version": "==0.12.3"
        },
        "six": {
            "hashes": [
                "sha256:3350809f0555b11f552448330d0b52d5f24c91a322ea4a15ef22629740f3761c",
                "sha256:d16a0141ec1a18405cd4ce8b4613101da75da0e9a7aec5bdd4fa804d0e0eba73"
            ],
            "index": "pypi",
            "version": "==1.12.0"
        },
        "sqlparse": {
            "hashes": [
                "sha256:40afe6b8d4b1117e7dff5504d7a8ce07d9a1b15aeeade8a2d10f130a834f8177",
                "sha256:7c3dca29c022744e95b547e867cee89f4fce4373f3549ccd8797d8eb52cdb873"
            ],
            "index": "pypi",
            "version": "==0.3.0"
        },
        "text-unidecode": {
            "hashes": [
                "sha256:1311f10e8b895935241623731c2ba64f4c455287888b18189350b67134a822e8",
                "sha256:bad6603bb14d279193107714b288be206cac565dfa49aa5b105294dd5c4aab93"
            ],
            "index": "pypi",
            "version": "==1.3"
        },
        "urllib3": {
            "hashes": [
                "sha256:2f3db8b19923a873b3e5256dc9c2dedfa883e33d87c690d9c7913e1f40673cdc",
                "sha256:87716c2d2a7121198ebcb7ce7cccf6ce5e9ba539041cfbaeecfb641dc0bf6acc"
            ],
            "index": "pypi",
            "version": "==1.25.8"
        }
    },
    "develop": {}
}
